
Microsoft Visual Studio Solution File, Format Version 12.00
Project("{FAE04EC0-301F-11D3-BF4B-00C04F79EFBC}") = "CabBookingApp", "CabBookingApp.csproj", "{0332337E-9077-450C-B693-1990994721CE}"
EndProject
Global
	GlobalSection(SolutionConfigurationPlatforms) = preSolution
		Debug|Any CPU = Debug|Any CPU
		Release|Any CPU = Release|Any CPU
	EndGlobalSection
	GlobalSection(ProjectConfigurationPlatforms) = postSolution
		{0332337E-9077-450C-B693-1990994721CE}.Debug|Any CPU.ActiveCfg = Debug|Any CPU
		{0332337E-9077-450C-B693-1990994721CE}.Debug|Any CPU.Build.0 = Debug|Any CPU
		{0332337E-9077-450C-B693-1990994721CE}.Release|Any CPU.ActiveCfg = Release|Any CPU
		{0332337E-9077-450C-B693-1990994721CE}.Release|Any CPU.Build.0 = Release|Any CPU
	EndGlobalSection
EndGlobal
